<?xml version="1.0" encoding="utf-8"?>
<Project ToolsVersion="4.0" xmlns="http://schemas.microsoft.com/developer/msbuild/2003">
  <ItemGroup>
    <Filter Include="core">
      <UniqueIdentifier>{32db6bf2-17bc-48aa-bd43-e1b18246c5ba}</UniqueIdentifier>
    </Filter>
  </ItemGroup>
  <ItemGroup>
    <ClInclude Include="core\mat.hpp">
      <Filter>core</Filter>
    </ClInclude>
    <ClInclude Include="core\cvdef.h">
      <Filter>core</Filter>
    </ClInclude>
    <ClInclude Include="core\types.hpp">
      <Filter>core</Filter>
    </ClInclude>
    <ClInclude Include="core\interface.h">
      <Filter>core</Filter>
    </ClInclude>
  </ItemGroup>
</Project>